
Microsoft Visual Studio Solution File, Format Version 12.00
# Visual Studio Version 16
VisualStudioVersion = 16.0.29613.14
MinimumVisualStudioVersion = 10.0.40219.1
Project("{F184B08F-C81C-45F6-A57F-5ABD9991F28F}") = "WindowsApp1", "WindowsApp1\WindowsApp1.vbproj", "{13FB4100-0FCA-4BCE-AEE7-272263054E54}"
EndProject
Global
	GlobalSection(SolutionConfigurationPlatforms) = preSolution
		Debug|Any CPU = Debug|Any CPU
		Release|Any CPU = Release|Any CPU
	EndGlobalSection
	GlobalSection(ProjectConfigurationPlatforms) = postSolution
		{13FB4100-0FCA-4BCE-AEE7-272263054E54}.Debug|Any CPU.ActiveCfg = Debug|Any CPU
		{13FB4100-0FCA-4BCE-AEE7-272263054E54}.Debug|Any CPU.Build.0 = Debug|Any CPU
		{13FB4100-0FCA-4BCE-AEE7-272263054E54}.Release|Any CPU.ActiveCfg = Release|Any CPU
		{13FB4100-0FCA-4BCE-AEE7-272263054E54}.Release|Any CPU.Build.0 = Release|Any CPU
	EndGlobalSection
	GlobalSection(SolutionProperties) = preSolution
		HideSolutionNode = FALSE
	EndGlobalSection
	GlobalSection(ExtensibilityGlobals) = postSolution
		SolutionGuid = {B91946C5-14B6-4D13-A14A-C181A2B5BE3B}
	EndGlobalSection
EndGlobal
